
Microsoft Visual Studio Solution File, Format Version 12.00
# Visual Studio Version 16
VisualStudioVersion = 16.0.29215.179
MinimumVisualStudioVersion = 10.0.40219.1
Project("{FAE04EC0-301F-11D3-BF4B-00C04F79EFBC}") = "Abacus", "Abacus\Abacus.csproj", "{4C4DCDCD-BD61-4B0C-B868-DA36AABFFE17}"
EndProject
Project("{FAE04EC0-301F-11D3-BF4B-00C04F79EFBC}") = "AbacusMobile.UWP", "AbacusMobile\AbacusMobile.UWP\AbacusMobile.UWP.csproj", "{931BE24D-F886-41AC-A1CF-D9316547728B}"
EndProject
Project("{FAE04EC0-301F-11D3-BF4B-00C04F79EFBC}") = "AbacusMobile.Android", "AbacusMobile\AbacusMobile.Android\AbacusMobile.Android.csproj", "{D46C74BF-2961-46F9-A1FA-901894089637}"
EndProject
Project("{FAE04EC0-301F-11D3-BF4B-00C04F79EFBC}") = "AbacusMobile.iOS", "AbacusMobile\AbacusMobile.iOS\AbacusMobile.iOS.csproj", "{ADE53C94-6E02-413B-9B81-7BC623DF9AC5}"
EndProject
Project("{FAE04EC0-301F-11D3-BF4B-00C04F79EFBC}") = "AbacusMobile", "AbacusMobile\AbacusMobile\AbacusMobile.csproj", "{28C4647B-ECE6-40C9-AE78-576D0114939C}"
EndProject
Global
	GlobalSection(SolutionConfigurationPlatforms) = preSolution
		Debug|Any CPU = Debug|Any CPU
		Debug|ARM = Debug|ARM
		Debug|iPhone = Debug|iPhone
		Debug|iPhoneSimulator = Debug|iPhoneSimulator
		Debug|x64 = Debug|x64
		Debug|x86 = Debug|x86
		Release|Any CPU = Release|Any CPU
		Release|ARM = Release|ARM
		Release|iPhone = Release|iPhone
		Release|iPhoneSimulator = Release|iPhoneSimulator
		Release|x64 = Release|x64
		Release|x86 = Release|x86
	EndGlobalSection
	GlobalSection(ProjectConfigurationPlatforms) = postSolution
		{4C4DCDCD-BD61-4B0C-B868-DA36AABFFE17}.Debug|Any CPU.ActiveCfg = Debug|Any CPU
		{4C4DCDCD-BD61-4B0C-B868-DA36AABFFE17}.Debug|Any CPU.Build.0 = Debug|Any CPU
		{4C4DCDCD-BD61-4B0C-B868-DA36AABFFE17}.Debug|ARM.ActiveCfg = Debug|Any CPU
		{4C4DCDCD-BD61-4B0C-B868-DA36AABFFE17}.Debug|ARM.Build.0 = Debug|Any CPU
		{4C4DCDCD-BD61-4B0C-B868-DA36AABFFE17}.Debug|iPhone.ActiveCfg = Debug|Any CPU
		{4C4DCDCD-BD61-4B0C-B868-DA36AABFFE17}.Debug|iPhone.Build.0 = Debug|Any CPU
		{4C4DCDCD-BD61-4B0C-B868-DA36AABFFE17}.Debug|iPhoneSimulator.ActiveCfg = Debug|Any CPU
		{4C4DCDCD-BD61-4B0C-B868-DA36AABFFE17}.Debug|iPhoneSimulator.Build.0 = Debug|Any CPU
		{4C4DCDCD-BD61-4B0C-B868-DA36AABFFE17}.Debug|x64.ActiveCfg = Debug|Any CPU
		{4C4DCDCD-BD61-4B0C-B868-DA36AABFFE17}.Debug|x64.Build.0 = Debug|Any CPU
		{4C4DCDCD-BD61-4B0C-B868-DA36AABFFE17}.Debug|x86.ActiveCfg = Debug|Any CPU
		{4C4DCDCD-BD61-4B0C-B868-DA36AABFFE17}.Debug|x86.Build.0 = Debug|Any CPU
		{4C4DCDCD-BD61-4B0C-B868-DA36AABFFE17}.Release|Any CPU.ActiveCfg = Release|Any CPU
		{4C4DCDCD-BD61-4B0C-B868-DA36AABFFE17}.Release|Any CPU.Build.0 = Release|Any CPU
		{4C4DCDCD-BD61-4B0C-B868-DA36AABFFE17}.Release|ARM.ActiveCfg = Release|Any CPU
		{4C4DCDCD-BD61-4B0C-B868-DA36AABFFE17}.Release|ARM.Build.0 = Release|Any CPU
		{4C4DCDCD-BD61-4B0C-B868-DA36AABFFE17}.Release|iPhone.ActiveCfg = Release|Any CPU
		{4C4DCDCD-BD61-4B0C-B868-DA36AABFFE17}.Release|iPhone.Build.0 = Release|Any CPU
		{4C4DCDCD-BD61-4B0C-B868-DA36AABFFE17}.Release|iPhoneSimulator.ActiveCfg = Release|Any CPU
		{4C4DCDCD-BD61-4B0C-B868-DA36AABFFE17}.Release|iPhoneSimulator.Build.0 = Release|Any CPU
		{4C4DCDCD-BD61-4B0C-B868-DA36AABFFE17}.Release|x64.ActiveCfg = Release|Any CPU
		{4C4DCDCD-BD61-4B0C-B868-DA36AABFFE17}.Release|x64.Build.0 = Release|Any CPU
		{4C4DCDCD-BD61-4B0C-B868-DA36AABFFE17}.Release|x86.ActiveCfg = Release|Any CPU
		{4C4DCDCD-BD61-4B0C-B868-DA36AABFFE17}.Release|x86.Build.0 = Release|Any CPU
		{931BE24D-F886-41AC-A1CF-D9316547728B}.Debug|Any CPU.ActiveCfg = Debug|x86
		{931BE24D-F886-41AC-A1CF-D9316547728B}.Debug|ARM.ActiveCfg = Debug|ARM
		{931BE24D-F886-41AC-A1CF-D9316547728B}.Debug|ARM.Build.0 = Debug|ARM
		{931BE24D-F886-41AC-A1CF-D9316547728B}.Debug|ARM.Deploy.0 = Debug|ARM
		{931BE24D-F886-41AC-A1CF-D9316547728B}.Debug|iPhone.ActiveCfg = Debug|x86
		{931BE24D-F886-41AC-A1CF-D9316547728B}.Debug|iPhoneSimulator.ActiveCfg = Debug|x86
		{931BE24D-F886-41AC-A1CF-D9316547728B}.Debug|x64.ActiveCfg = Debug|x64
		{931BE24D-F886-41AC-A1CF-D9316547728B}.Debug|x64.Build.0 = Debug|x64
		{931BE24D-F886-41AC-A1CF-D9316547728B}.Debug|x64.Deploy.0 = Debug|x64
		{931BE24D-F886-41AC-A1CF-D9316547728B}.Debug|x86.ActiveCfg = Debug|x86
		{931BE24D-F886-41AC-A1CF-D9316547728B}.Debug|x86.Build.0 = Debug|x86
		{931BE24D-F886-41AC-A1CF-D9316547728B}.Debug|x86.Deploy.0 = Debug|x86
		{931BE24D-F886-41AC-A1CF-D9316547728B}.Release|Any CPU.ActiveCfg = Release|x86
		{931BE24D-F886-41AC-A1CF-D9316547728B}.Release|ARM.ActiveCfg = Release|ARM
		{931BE24D-F886-41AC-A1CF-D9316547728B}.Release|ARM.Build.0 = Release|ARM
		{931BE24D-F886-41AC-A1CF-D9316547728B}.Release|ARM.Deploy.0 = Release|ARM
		{931BE24D-F886-41AC-A1CF-D9316547728B}.Release|iPhone.ActiveCfg = Release|x86
		{931BE24D-F886-41AC-A1CF-D9316547728B}.Release|iPhoneSimulator.ActiveCfg = Release|x86
		{931BE24D-F886-41AC-A1CF-D9316547728B}.Release|x64.ActiveCfg = Release|x64
		{931BE24D-F886-41AC-A1CF-D9316547728B}.Release|x64.Build.0 = Release|x64
		{931BE24D-F886-41AC-A1CF-D9316547728B}.Release|x64.Deploy.0 = Release|x64
		{931BE24D-F886-41AC-A1CF-D9316547728B}.Release|x86.ActiveCfg = Release|x86
		{931BE24D-F886-41AC-A1CF-D9316547728B}.Release|x86.Build.0 = Release|x86
		{931BE24D-F886-41AC-A1CF-D9316547728B}.Release|x86.Deploy.0 = Release|x86
		{D46C74BF-2961-46F9-A1FA-901894089637}.Debug|Any CPU.ActiveCfg = Debug|Any CPU
		{D46C74BF-2961-46F9-A1FA-901894089637}.Debug|Any CPU.Build.0 = Debug|Any CPU
		{D46C74BF-2961-46F9-A1FA-901894089637}.Debug|Any CPU.Deploy.0 = Debug|Any CPU
		{D46C74BF-2961-46F9-A1FA-901894089637}.Debug|ARM.ActiveCfg = Debug|Any CPU
		{D46C74BF-2961-46F9-A1FA-901894089637}.Debug|ARM.Build.0 = Debug|Any CPU
		{D46C74BF-2961-46F9-A1FA-901894089637}.Debug|ARM.Deploy.0 = Debug|Any CPU
		{D46C74BF-2961-46F9-A1FA-901894089637}.Debug|iPhone.ActiveCfg = Debug|Any CPU
		{D46C74BF-2961-46F9-A1FA-901894089637}.Debug|iPhone.Build.0 = Debug|Any CPU
		{D46C74BF-2961-46F9-A1FA-901894089637}.Debug|iPhone.Deploy.0 = Debug|Any CPU
		{D46C74BF-2961-46F9-A1FA-901894089637}.Debug|iPhoneSimulator.ActiveCfg = Debug|Any CPU
		{D46C74BF-2961-46F9-A1FA-901894089637}.Debug|iPhoneSimulator.Build.0 = Debug|Any CPU
		{D46C74BF-2961-46F9-A1FA-901894089637}.Debug|iPhoneSimulator.Deploy.0 = Debug|Any CPU
		{D46C74BF-2961-46F9-A1FA-901894089637}.Debug|x64.ActiveCfg = Debug|Any CPU
		{D46C74BF-2961-46F9-A1FA-901894089637}.Debug|x64.Build.0 = Debug|Any CPU
		{D46C74BF-2961-46F9-A1FA-901894089637}.Debug|x64.Deploy.0 = Debug|Any CPU
		{D46C74BF-2961-46F9-A1FA-901894089637}.Debug|x86.ActiveCfg = Debug|Any CPU
		{D46C74BF-2961-46F9-A1FA-901894089637}.Debug|x86.Build.0 = Debug|Any CPU
		{D46C74BF-2961-46F9-A1FA-901894089637}.Debug|x86.Deploy.0 = Debug|Any CPU
		{D46C74BF-2961-46F9-A1FA-901894089637}.Release|Any CPU.ActiveCfg = Release|Any CPU
		{D46C74BF-2961-46F9-A1FA-901894089637}.Release|Any CPU.Build.0 = Release|Any CPU
		{D46C74BF-2961-46F9-A1FA-901894089637}.Release|Any CPU.Deploy.0 = Release|Any CPU
		{D46C74BF-2961-46F9-A1FA-901894089637}.Release|ARM.ActiveCfg = Release|Any CPU
		{D46C74BF-2961-46F9-A1FA-901894089637}.Release|ARM.Build.0 = Release|Any CPU
		{D46C74BF-2961-46F9-A1FA-901894089637}.Release|ARM.Deploy.0 = Release|Any CPU
		{D46C74BF-2961-46F9-A1FA-901894089637}.Release|iPhone.ActiveCfg = Release|Any CPU
		{D46C74BF-2961-46F9-A1FA-901894089637}.Release|iPhone.Build.0 = Release|Any CPU
		{D46C74BF-2961-46F9-A1FA-901894089637}.Release|iPhone.Deploy.0 = Release|Any CPU
		{D46C74BF-2961-46F9-A1FA-901894089637}.Release|iPhoneSimulator.ActiveCfg = Release|Any CPU
		{D46C74BF-2961-46F9-A1FA-901894089637}.Release|iPhoneSimulator.Build.0 = Release|Any CPU
		{D46C74BF-2961-46F9-A1FA-901894089637}.Release|iPhoneSimulator.Deploy.0 = Release|Any CPU
		{D46C74BF-2961-46F9-A1FA-901894089637}.Release|x64.ActiveCfg = Release|Any CPU
		{D46C74BF-2961-46F9-A1FA-901894089637}.Release|x64.Build.0 = Release|Any CPU
		{D46C74BF-2961-46F9-A1FA-901894089637}.Release|x64.Deploy.0 = Release|Any CPU
		{D46C74BF-2961-46F9-A1FA-901894089637}.Release|x86.ActiveCfg = Release|Any CPU
		{D46C74BF-2961-46F9-A1FA-901894089637}.Release|x86.Build.0 = Release|Any CPU
		{D46C74BF-2961-46F9-A1FA-901894089637}.Release|x86.Deploy.0 = Release|Any CPU
		{ADE53C94-6E02-413B-9B81-7BC623DF9AC5}.Debug|Any CPU.ActiveCfg = Debug|iPhone
		{ADE53C94-6E02-413B-9B81-7BC623DF9AC5}.Debug|ARM.ActiveCfg = Debug|iPhone
		{ADE53C94-6E02-413B-9B81-7BC623DF9AC5}.Debug|iPhone.ActiveCfg = Debug|iPhone
		{ADE53C94-6E02-413B-9B81-7BC623DF9AC5}.Debug|iPhone.Build.0 = Debug|iPhone
		{ADE53C94-6E02-413B-9B81-7BC623DF9AC5}.Debug|iPhoneSimulator.ActiveCfg = Debug|iPhoneSimulator
		{ADE53C94-6E02-413B-9B81-7BC623DF9AC5}.Debug|iPhoneSimulator.Build.0 = Debug|iPhoneSimulator
		{ADE53C94-6E02-413B-9B81-7BC623DF9AC5}.Debug|x64.ActiveCfg = Debug|iPhone
		{ADE53C94-6E02-413B-9B81-7BC623DF9AC5}.Debug|x86.ActiveCfg = Debug|iPhone
		{ADE53C94-6E02-413B-9B81-7BC623DF9AC5}.Release|Any CPU.ActiveCfg = Release|iPhone
		{ADE53C94-6E02-413B-9B81-7BC623DF9AC5}.Release|ARM.ActiveCfg = Release|iPhone
		{ADE53C94-6E02-413B-9B81-7BC623DF9AC5}.Release|iPhone.ActiveCfg = Release|iPhone
		{ADE53C94-6E02-413B-9B81-7BC623DF9AC5}.Release|iPhone.Build.0 = Release|iPhone
		{ADE53C94-6E02-413B-9B81-7BC623DF9AC5}.Release|iPhoneSimulator.ActiveCfg = Release|iPhoneSimulator
		{ADE53C94-6E02-413B-9B81-7BC623DF9AC5}.Release|iPhoneSimulator.Build.0 = Release|iPhoneSimulator
		{ADE53C94-6E02-413B-9B81-7BC623DF9AC5}.Release|x64.ActiveCfg = Release|iPhone
		{ADE53C94-6E02-413B-9B81-7BC623DF9AC5}.Release|x86.ActiveCfg = Release|iPhone
		{28C4647B-ECE6-40C9-AE78-576D0114939C}.Debug|Any CPU.ActiveCfg = Debug|Any CPU
		{28C4647B-ECE6-40C9-AE78-576D0114939C}.Debug|Any CPU.Build.0 = Debug|Any CPU
		{28C4647B-ECE6-40C9-AE78-576D0114939C}.Debug|ARM.ActiveCfg = Debug|Any CPU
		{28C4647B-ECE6-40C9-AE78-576D0114939C}.Debug|ARM.Build.0 = Debug|Any CPU
		{28C4647B-ECE6-40C9-AE78-576D0114939C}.Debug|iPhone.ActiveCfg = Debug|Any CPU
		{28C4647B-ECE6-40C9-AE78-576D0114939C}.Debug|iPhone.Build.0 = Debug|Any CPU
		{28C4647B-ECE6-40C9-AE78-576D0114939C}.Debug|iPhoneSimulator.ActiveCfg = Debug|Any CPU
		{28C4647B-ECE6-40C9-AE78-576D0114939C}.Debug|iPhoneSimulator.Build.0 = Debug|Any CPU
		{28C4647B-ECE6-40C9-AE78-576D0114939C}.Debug|x64.ActiveCfg = Debug|Any CPU
		{28C4647B-ECE6-40C9-AE78-576D0114939C}.Debug|x64.Build.0 = Debug|Any CPU
		{28C4647B-ECE6-40C9-AE78-576D0114939C}.Debug|x86.ActiveCfg = Debug|Any CPU
		{28C4647B-ECE6-40C9-AE78-576D0114939C}.Debug|x86.Build.0 = Debug|Any CPU
		{28C4647B-ECE6-40C9-AE78-576D0114939C}.Release|Any CPU.ActiveCfg = Release|Any CPU
		{28C4647B-ECE6-40C9-AE78-576D0114939C}.Release|Any CPU.Build.0 = Release|Any CPU
		{28C4647B-ECE6-40C9-AE78-576D0114939C}.Release|ARM.ActiveCfg = Release|Any CPU
		{28C4647B-ECE6-40C9-AE78-576D0114939C}.Release|ARM.Build.0 = Release|Any CPU
		{28C4647B-ECE6-40C9-AE78-576D0114939C}.Release|iPhone.ActiveCfg = Release|Any CPU
		{28C4647B-ECE6-40C9-AE78-576D0114939C}.Release|iPhone.Build.0 = Release|Any CPU
		{28C4647B-ECE6-40C9-AE78-576D0114939C}.Release|iPhoneSimulator.ActiveCfg = Release|Any CPU
		{28C4647B-ECE6-40C9-AE78-576D0114939C}.Release|iPhoneSimulator.Build.0 = Release|Any CPU
		{28C4647B-ECE6-40C9-AE78-576D0114939C}.Release|x64.ActiveCfg = Release|Any CPU
		{28C4647B-ECE6-40C9-AE78-576D0114939C}.Release|x64.Build.0 = Release|Any CPU
		{28C4647B-ECE6-40C9-AE78-576D0114939C}.Release|x86.ActiveCfg = Release|Any CPU
		{28C4647B-ECE6-40C9-AE78-576D0114939C}.Release|x86.Build.0 = Release|Any CPU
	EndGlobalSection
	GlobalSection(SolutionProperties) = preSolution
		HideSolutionNode = FALSE
	EndGlobalSection
	GlobalSection(ExtensibilityGlobals) = postSolution
		SolutionGuid = {D9E229B6-7550-436B-91F4-2661769F7C78}
	EndGlobalSection
EndGlobal
